{
  "name": "auth-system",
  "version": "1.0.0",
  "lockfileVersion": 2,
  "requires": true,
  "packages": {
    "": {
      "name": "auth-system",
      "version": "1.0.0",
      "license": "ISC",
      "dependencies": {
        "jquery-cookie-bubble": "^1.0.0"
      }
    },
    "node_modules/jquery-cookie-bubble": {
      "version": "1.0.0",
      "resolved": "https://registry.npmjs.org/jquery-cookie-bubble/-/jquery-cookie-bubble-1.0.0.tgz",
      "integrity": "sha512-7nVFXjuznvEdJ7xF+TlrqmyrTCBPTqgk2ekESM/Nv9Vgw7DOoTRrXU44awQd0ngxxbyUY7DLxQO8OGt2TgVIIw=="
    }
  },
  "dependencies": {
    "jquery-cookie-bubble": {
      "version": "1.0.0",
      "resolved": "https://registry.npmjs.org/jquery-cookie-bubble/-/jquery-cookie-bubble-1.0.0.tgz",
      "integrity": "sha512-7nVFXjuznvEdJ7xF+TlrqmyrTCBPTqgk2ekESM/Nv9Vgw7DOoTRrXU44awQd0ngxxbyUY7DLxQO8OGt2TgVIIw=="
    }
  }
}
